// !$*UTF8*$!
{
	archiveVersion = 1;
	classes = {
	};
	objectVersion = 46;
	objects = {

/* Begin PBXBuildFile section */
		DC0A83ED1AED8229001EB35D /* HNKGooglePlacesAutocompletePlaceTermSpec.m in Sources */ = {isa = PBXBuildFile; fileRef = DC0A83EC1AED8229001EB35D /* HNKGooglePlacesAutocompletePlaceTermSpec.m */; };
		DC0A83F61AED8F1D001EB35D /* HNKGooglePlacesAutocompletePlaceSubstringSpec.m in Sources */ = {isa = PBXBuildFile; fileRef = DC0A83F51AED8F1D001EB35D /* HNKGooglePlacesAutocompletePlaceSubstringSpec.m */; };
		DC1699521AFF03C9000D8E26 /* HNKGooglePlacesAutocompleteQueryConfigSpec.m in Sources */ = {isa = PBXBuildFile; fileRef = DC1699511AFF03C9000D8E26 /* HNKGooglePlacesAutocompleteQueryConfigSpec.m */; };
		DC345C2A1AEDA518009D3645 /* HNKGooglePlacesAutocompletePlaceSpec.m in Sources */ = {isa = PBXBuildFile; fileRef = DC345C291AEDA518009D3645 /* HNKGooglePlacesAutocompletePlaceSpec.m */; };
		DC345C2F1AEDC5C8009D3645 /* HNKGooglePlacesAutocompleteQueryResponseSpec.m in Sources */ = {isa = PBXBuildFile; fileRef = DC345C2E1AEDC5C8009D3645 /* HNKGooglePlacesAutocompleteQueryResponseSpec.m */; };
		DC345C3B1AF09FC7009D3645 /* HNKGooglePlacesAutocompleteServerSpec.m in Sources */ = {isa = PBXBuildFile; fileRef = DC345C3A1AF09FC7009D3645 /* HNKGooglePlacesAutocompleteServerSpec.m */; };
		DC6F02831AF6F26D000CE728 /* MapKit.framework in Frameworks */ = {isa = PBXBuildFile; fileRef = DC6F02821AF6F26D000CE728 /* MapKit.framework */; };
		DCA78AFD1AED6AA800F5F3B9 /* main.m in Sources */ = {isa = PBXBuildFile; fileRef = DCA78AFC1AED6AA800F5F3B9 /* main.m */; };
		DCA78B001AED6AA800F5F3B9 /* HNKDemoAppDelegate.m in Sources */ = {isa = PBXBuildFile; fileRef = DCA78AFF1AED6AA800F5F3B9 /* HNKDemoAppDelegate.m */; };
		DCA78B081AED6AA800F5F3B9 /* Images.xcassets in Resources */ = {isa = PBXBuildFile; fileRef = DCA78B071AED6AA800F5F3B9 /* Images.xcassets */; };
		DCA78B0B1AED6AA800F5F3B9 /* LaunchScreen.xib in Resources */ = {isa = PBXBuildFile; fileRef = DCA78B091AED6AA800F5F3B9 /* LaunchScreen.xib */; };
		DCA78DAC1B12438200817F8B /* _clang-format in Resources */ = {isa = PBXBuildFile; fileRef = DCA78DAB1B12438200817F8B /* _clang-format */; };
		DCD575001AF5B74500CE5A23 /* CoreLocation.framework in Frameworks */ = {isa = PBXBuildFile; fileRef = DCD574FF1AF5B74500CE5A23 /* CoreLocation.framework */; };
		DCD575071AF6A67000CE5A23 /* CLPlacemark+HNKAdditionsSpec.m in Sources */ = {isa = PBXBuildFile; fileRef = DCD575061AF6A67000CE5A23 /* CLPlacemark+HNKAdditionsSpec.m */; };
		DCDAAB6C1B7ACC7C00107D29 /* google.png in Resources */ = {isa = PBXBuildFile; fileRef = DCDAAB6B1B7ACC7C00107D29 /* google.png */; };
		DCFAD4BE1AF32BEC0042BB22 /* HNKGooglePlacesAutocompleteQuerySpec.m in Sources */ = {isa = PBXBuildFile; fileRef = DCFAD4BD1AF32BEC0042BB22 /* HNKGooglePlacesAutocompleteQuerySpec.m */; };
		E2F468C91B7AA77000FA2667 /* HNKDemoViewController.m in Sources */ = {isa = PBXBuildFile; fileRef = E2F468C61B7AA77000FA2667 /* HNKDemoViewController.m */; };
		E2F468CA1B7AA77000FA2667 /* Main.storyboard in Resources */ = {isa = PBXBuildFile; fileRef = E2F468C71B7AA77000FA2667 /* Main.storyboard */; };
		F506C4906E4964AE559012AE /* libPods-HNKGooglePlacesAutocomplete-Example.a in Frameworks */ = {isa = PBXBuildFile; fileRef = D0EAF8F6FC72B250C169F3BB /* libPods-HNKGooglePlacesAutocomplete-Example.a */; };
		FF43537F0B40492CE6E305C4 /* libPods-HNKGooglePlacesAutocomplete-ExampleTests.a in Frameworks */ = {isa = PBXBuildFile; fileRef = 20B87C8F6F397F86222199FF /* libPods-HNKGooglePlacesAutocomplete-ExampleTests.a */; };
/* End PBXBuildFile section */

/* Begin PBXContainerItemProxy section */
		DCA78B111AED6AA800F5F3B9 /* PBXContainerItemProxy */ = {
			isa = PBXContainerItemProxy;
			containerPortal = DCA78AEF1AED6AA800F5F3B9 /* Project object */;
			proxyType = 1;
			remoteGlobalIDString = DCA78AF61AED6AA800F5F3B9;
			remoteInfo = "HNKGooglePlacesAutocomplete-Example";
		};
/* End PBXContainerItemProxy section */

/* Begin PBXFileReference section */
		0A5485CEF38C794987700904 /* Pods-HNKGooglePlacesAutocomplete-ExampleTests.debug.xcconfig */ = {isa = PBXFileReference; includeInIndex = 1; lastKnownFileType = text.xcconfig; name = "Pods-HNKGooglePlacesAutocomplete-ExampleTests.debug.xcconfig"; path = "Pods/Target Support Files/Pods-HNKGooglePlacesAutocomplete-ExampleTests/Pods-HNKGooglePlacesAutocomplete-ExampleTests.debug.xcconfig"; sourceTree = "<group>"; };
		20B87C8F6F397F86222199FF /* libPods-HNKGooglePlacesAutocomplete-ExampleTests.a */ = {isa = PBXFileReference; explicitFileType = archive.ar; includeInIndex = 0; path = "libPods-HNKGooglePlacesAutocomplete-ExampleTests.a"; sourceTree = BUILT_PRODUCTS_DIR; };
		26A7E8D0F78A6E915F9B03AF /* Pods-HNKGooglePlacesAutocomplete-ExampleTests.release.xcconfig */ = {isa = PBXFileReference; includeInIndex = 1; lastKnownFileType = text.xcconfig; name = "Pods-HNKGooglePlacesAutocomplete-ExampleTests.release.xcconfig"; path = "Pods/Target Support Files/Pods-HNKGooglePlacesAutocomplete-ExampleTests/Pods-HNKGooglePlacesAutocomplete-ExampleTests.release.xcconfig"; sourceTree = "<group>"; };
		7B836E5632B34FC1CB845488 /* Pods-HNKGooglePlacesAutocomplete-Example.release.xcconfig */ = {isa = PBXFileReference; includeInIndex = 1; lastKnownFileType = text.xcconfig; name = "Pods-HNKGooglePlacesAutocomplete-Example.release.xcconfig"; path = "Pods/Target Support Files/Pods-HNKGooglePlacesAutocomplete-Example/Pods-HNKGooglePlacesAutocomplete-Example.release.xcconfig"; sourceTree = "<group>"; };
		D0EAF8F6FC72B250C169F3BB /* libPods-HNKGooglePlacesAutocomplete-Example.a */ = {isa = PBXFileReference; explicitFileType = archive.ar; includeInIndex = 0; path = "libPods-HNKGooglePlacesAutocomplete-Example.a"; sourceTree = BUILT_PRODUCTS_DIR; };
		DA2524585B0166608A39236E /* Pods-HNKGooglePlacesAutocomplete-Example.debug.xcconfig */ = {isa = PBXFileReference; includeInIndex = 1; lastKnownFileType = text.xcconfig; name = "Pods-HNKGooglePlacesAutocomplete-Example.debug.xcconfig"; path = "Pods/Target Support Files/Pods-HNKGooglePlacesAutocomplete-Example/Pods-HNKGooglePlacesAutocomplete-Example.debug.xcconfig"; sourceTree = "<group>"; };
		DC0A83EC1AED8229001EB35D /* HNKGooglePlacesAutocompletePlaceTermSpec.m */ = {isa = PBXFileReference; fileEncoding = 4; lastKnownFileType = sourcecode.c.objc; path = HNKGooglePlacesAutocompletePlaceTermSpec.m; sourceTree = "<group>"; };
		DC0A83F51AED8F1D001EB35D /* HNKGooglePlacesAutocompletePlaceSubstringSpec.m */ = {isa = PBXFileReference; fileEncoding = 4; lastKnownFileType = sourcecode.c.objc; path = HNKGooglePlacesAutocompletePlaceSubstringSpec.m; sourceTree = "<group>"; };
		DC1699511AFF03C9000D8E26 /* HNKGooglePlacesAutocompleteQueryConfigSpec.m */ = {isa = PBXFileReference; fileEncoding = 4; lastKnownFileType = sourcecode.c.objc; path = HNKGooglePlacesAutocompleteQueryConfigSpec.m; sourceTree = "<group>"; };
		DC345C291AEDA518009D3645 /* HNKGooglePlacesAutocompletePlaceSpec.m */ = {isa = PBXFileReference; fileEncoding = 4; lastKnownFileType = sourcecode.c.objc; path = HNKGooglePlacesAutocompletePlaceSpec.m; sourceTree = "<group>"; };
		DC345C2E1AEDC5C8009D3645 /* HNKGooglePlacesAutocompleteQueryResponseSpec.m */ = {isa = PBXFileReference; fileEncoding = 4; lastKnownFileType = sourcecode.c.objc; path = HNKGooglePlacesAutocompleteQueryResponseSpec.m; sourceTree = "<group>"; };
		DC345C3A1AF09FC7009D3645 /* HNKGooglePlacesAutocompleteServerSpec.m */ = {isa = PBXFileReference; fileEncoding = 4; lastKnownFileType = sourcecode.c.objc; path = HNKGooglePlacesAutocompleteServerSpec.m; sourceTree = "<group>"; };
		DC6F02821AF6F26D000CE728 /* MapKit.framework */ = {isa = PBXFileReference; lastKnownFileType = wrapper.framework; name = MapKit.framework; path = System/Library/Frameworks/MapKit.framework; sourceTree = SDKROOT; };
		DCA78AF71AED6AA800F5F3B9 /* HNKGooglePlacesAutocomplete-Example.app */ = {isa = PBXFileReference; explicitFileType = wrapper.application; includeInIndex = 0; path = "HNKGooglePlacesAutocomplete-Example.app"; sourceTree = BUILT_PRODUCTS_DIR; };
		DCA78AFB1AED6AA800F5F3B9 /* Info.plist */ = {isa = PBXFileReference; lastKnownFileType = text.plist.xml; path = Info.plist; sourceTree = "<group>"; };
		DCA78AFC1AED6AA800F5F3B9 /* main.m */ = {isa = PBXFileReference; lastKnownFileType = sourcecode.c.objc; path = main.m; sourceTree = "<group>"; };
		DCA78AFE1AED6AA800F5F3B9 /* HNKDemoAppDelegate.h */ = {isa = PBXFileReference; lastKnownFileType = sourcecode.c.h; path = HNKDemoAppDelegate.h; sourceTree = "<group>"; };
		DCA78AFF1AED6AA800F5F3B9 /* HNKDemoAppDelegate.m */ = {isa = PBXFileReference; lastKnownFileType = sourcecode.c.objc; path = HNKDemoAppDelegate.m; sourceTree = "<group>"; };
		DCA78B071AED6AA800F5F3B9 /* Images.xcassets */ = {isa = PBXFileReference; lastKnownFileType = folder.assetcatalog; path = Images.xcassets; sourceTree = "<group>"; };
		DCA78B0A1AED6AA800F5F3B9 /* Base */ = {isa = PBXFileReference; lastKnownFileType = file.xib; name = Base; path = Base.lproj/LaunchScreen.xib; sourceTree = "<group>"; };
		DCA78B101AED6AA800F5F3B9 /* HNKGooglePlacesAutocomplete-ExampleTests.xctest */ = {isa = PBXFileReference; explicitFileType = wrapper.cfbundle; includeInIndex = 0; path = "HNKGooglePlacesAutocomplete-ExampleTests.xctest"; sourceTree = BUILT_PRODUCTS_DIR; };
		DCA78B151AED6AA800F5F3B9 /* Info.plist */ = {isa = PBXFileReference; lastKnownFileType = text.plist.xml; path = Info.plist; sourceTree = "<group>"; };
		DCA78DAB1B12438200817F8B /* _clang-format */ = {isa = PBXFileReference; fileEncoding = 4; lastKnownFileType = text; name = "_clang-format"; path = "../../_clang-format"; sourceTree = "<group>"; };
		DCD574FF1AF5B74500CE5A23 /* CoreLocation.framework */ = {isa = PBXFileReference; lastKnownFileType = wrapper.framework; name = CoreLocation.framework; path = System/Library/Frameworks/CoreLocation.framework; sourceTree = SDKROOT; };
		DCD575061AF6A67000CE5A23 /* CLPlacemark+HNKAdditionsSpec.m */ = {isa = PBXFileReference; fileEncoding = 4; lastKnownFileType = sourcecode.c.objc; path = "CLPlacemark+HNKAdditionsSpec.m"; sourceTree = "<group>"; };
		DCDAAB6B1B7ACC7C00107D29 /* google.png */ = {isa = PBXFileReference; lastKnownFileType = image.png; path = google.png; sourceTree = "<group>"; };
		DCFAD4BD1AF32BEC0042BB22 /* HNKGooglePlacesAutocompleteQuerySpec.m */ = {isa = PBXFileReference; fileEncoding = 4; lastKnownFileType = sourcecode.c.objc; path = HNKGooglePlacesAutocompleteQuerySpec.m; sourceTree = "<group>"; };
		E2F468C61B7AA77000FA2667 /* HNKDemoViewController.m */ = {isa = PBXFileReference; fileEncoding = 4; lastKnownFileType = sourcecode.c.objc; path = HNKDemoViewController.m; sourceTree = "<group>"; };
		E2F468C71B7AA77000FA2667 /* Main.storyboard */ = {isa = PBXFileReference; fileEncoding = 4; lastKnownFileType = file.storyboard; path = Main.storyboard; sourceTree = "<group>"; };
		E2F468C81B7AA77000FA2667 /* HNKDemoViewController.h */ = {isa = PBXFileReference; fileEncoding = 4; lastKnownFileType = sourcecode.c.h; path = HNKDemoViewController.h; sourceTree = "<group>"; };
/* End PBXFileReference section */

/* Begin PBXFrameworksBuildPhase section */
		DCA78AF41AED6AA800F5F3B9 /* Frameworks */ = {
			isa = PBXFrameworksBuildPhase;
			buildActionMask = 2147483647;
			files = (
				DC6F02831AF6F26D000CE728 /* MapKit.framework in Frameworks */,
				DCD575001AF5B74500CE5A23 /* CoreLocation.framework in Frameworks */,
				F506C4906E4964AE559012AE /* libPods-HNKGooglePlacesAutocomplete-Example.a in Frameworks */,
			);
			runOnlyForDeploymentPostprocessing = 0;
		};
		DCA78B0D1AED6AA800F5F3B9 /* Frameworks */ = {
			isa = PBXFrameworksBuildPhase;
			buildActionMask = 2147483647;
			files = (
				FF43537F0B40492CE6E305C4 /* libPods-HNKGooglePlacesAutocomplete-ExampleTests.a in Frameworks */,
			);
			runOnlyForDeploymentPostprocessing = 0;
		};
/* End PBXFrameworksBuildPhase section */

/* Begin PBXGroup section */
		96CE1BBE25C46A86D71B6BBC /* Frameworks */ = {
			isa = PBXGroup;
			children = (
				DC6F02821AF6F26D000CE728 /* MapKit.framework */,
				DCD574FF1AF5B74500CE5A23 /* CoreLocation.framework */,
				D0EAF8F6FC72B250C169F3BB /* libPods-HNKGooglePlacesAutocomplete-Example.a */,
				20B87C8F6F397F86222199FF /* libPods-HNKGooglePlacesAutocomplete-ExampleTests.a */,
			);
			name = Frameworks;
			sourceTree = "<group>";
		};
		D3E3F1FA7798A3158B585540 /* Pods */ = {
			isa = PBXGroup;
			children = (
				DA2524585B0166608A39236E /* Pods-HNKGooglePlacesAutocomplete-Example.debug.xcconfig */,
				7B836E5632B34FC1CB845488 /* Pods-HNKGooglePlacesAutocomplete-Example.release.xcconfig */,
				0A5485CEF38C794987700904 /* Pods-HNKGooglePlacesAutocomplete-ExampleTests.debug.xcconfig */,
				26A7E8D0F78A6E915F9B03AF /* Pods-HNKGooglePlacesAutocomplete-ExampleTests.release.xcconfig */,
			);
			name = Pods;
			sourceTree = "<group>";
		};
		DC0A83EE1AED8362001EB35D /* Models */ = {
			isa = PBXGroup;
			children = (
				DC345C391AF09F6C009D3645 /* Networking */,
				DC345C291AEDA518009D3645 /* HNKGooglePlacesAutocompletePlaceSpec.m */,
				DC0A83F51AED8F1D001EB35D /* HNKGooglePlacesAutocompletePlaceSubstringSpec.m */,
				DC0A83EC1AED8229001EB35D /* HNKGooglePlacesAutocompletePlaceTermSpec.m */,
				DCFAD4BD1AF32BEC0042BB22 /* HNKGooglePlacesAutocompleteQuerySpec.m */,
				DC1699511AFF03C9000D8E26 /* HNKGooglePlacesAutocompleteQueryConfigSpec.m */,
				DC345C2E1AEDC5C8009D3645 /* HNKGooglePlacesAutocompleteQueryResponseSpec.m */,
			);
			name = Models;
			sourceTree = "<group>";
		};
		DC345C391AF09F6C009D3645 /* Networking */ = {
			isa = PBXGroup;
			children = (
				DC345C3A1AF09FC7009D3645 /* HNKGooglePlacesAutocompleteServerSpec.m */,
			);
			name = Networking;
			sourceTree = "<group>";
		};
		DCA78AEE1AED6AA800F5F3B9 = {
			isa = PBXGroup;
			children = (
				DCA78AF91AED6AA800F5F3B9 /* HNKGooglePlacesAutocomplete-Example */,
				DCA78B131AED6AA800F5F3B9 /* Tests */,
				DCA78AF81AED6AA800F5F3B9 /* Products */,
				D3E3F1FA7798A3158B585540 /* Pods */,
				96CE1BBE25C46A86D71B6BBC /* Frameworks */,
			);
			sourceTree = "<group>";
		};
		DCA78AF81AED6AA800F5F3B9 /* Products */ = {
			isa = PBXGroup;
			children = (
				DCA78AF71AED6AA800F5F3B9 /* HNKGooglePlacesAutocomplete-Example.app */,
				DCA78B101AED6AA800F5F3B9 /* HNKGooglePlacesAutocomplete-ExampleTests.xctest */,
			);
			name = Products;
			sourceTree = "<group>";
		};
		DCA78AF91AED6AA800F5F3B9 /* HNKGooglePlacesAutocomplete-Example */ = {
			isa = PBXGroup;
			children = (
				DCDAAB6A1B7ACC1600107D29 /* Resources */,
				DCA78AFE1AED6AA800F5F3B9 /* HNKDemoAppDelegate.h */,
				DCA78AFF1AED6AA800F5F3B9 /* HNKDemoAppDelegate.m */,
				E2F468C81B7AA77000FA2667 /* HNKDemoViewController.h */,
				E2F468C61B7AA77000FA2667 /* HNKDemoViewController.m */,
				E2F468C71B7AA77000FA2667 /* Main.storyboard */,
				DCA78B071AED6AA800F5F3B9 /* Images.xcassets */,
				DCA78B091AED6AA800F5F3B9 /* LaunchScreen.xib */,
				DCA78AFA1AED6AA800F5F3B9 /* Supporting Files */,
			);
			path = "HNKGooglePlacesAutocomplete-Example";
			sourceTree = "<group>";
		};
		DCA78AFA1AED6AA800F5F3B9 /* Supporting Files */ = {
			isa = PBXGroup;
			children = (
				DCA78AFB1AED6AA800F5F3B9 /* Info.plist */,
				DCA78AFC1AED6AA800F5F3B9 /* main.m */,
				DCA78DAB1B12438200817F8B /* _clang-format */,
			);
			name = "Supporting Files";
			sourceTree = "<group>";
		};
		DCA78B131AED6AA800F5F3B9 /* Tests */ = {
			isa = PBXGroup;
			children = (
				DCD575061AF6A67000CE5A23 /* CLPlacemark+HNKAdditionsSpec.m */,
				DC0A83EE1AED8362001EB35D /* Models */,
				DCA78B141AED6AA800F5F3B9 /* Supporting Files */,
			);
			name = Tests;
			path = "HNKGooglePlacesAutocomplete-ExampleTests";
			sourceTree = "<group>";
		};
		DCA78B141AED6AA800F5F3B9 /* Supporting Files */ = {
			isa = PBXGroup;
			children = (
				DCA78B151AED6AA800F5F3B9 /* Info.plist */,
			);
			name = "Supporting Files";
			sourceTree = "<group>";
		};
		DCDAAB6A1B7ACC1600107D29 /* Resources */ = {
			isa = PBXGroup;
			children = (
				DCDAAB6B1B7ACC7C00107D29 /* google.png */,
			);
			name = Resources;
			sourceTree = "<group>";
		};
/* End PBXGroup section */

/* Begin PBXNativeTarget section */
		DCA78AF61AED6AA800F5F3B9 /* HNKGooglePlacesAutocomplete-Example */ = {
			isa = PBXNativeTarget;
			buildConfigurationList = DCA78B1A1AED6AA800F5F3B9 /* Build configuration list for PBXNativeTarget "HNKGooglePlacesAutocomplete-Example" */;
			buildPhases = (
				4607F3ACCB188AB72CC5E67C /* Check Pods Manifest.lock */,
				DCA78AF31AED6AA800F5F3B9 /* Sources */,
				DCA78AF41AED6AA800F5F3B9 /* Frameworks */,
				DCA78AF51AED6AA800F5F3B9 /* Resources */,
				7ED68BB202E0F8FFEDE93FE4 /* Copy Pods Resources */,
			);
			buildRules = (
			);
			dependencies = (
			);
			name = "HNKGooglePlacesAutocomplete-Example";
			productName = "HNKGooglePlacesAutocomplete-Example";
			productReference = DCA78AF71AED6AA800F5F3B9 /* HNKGooglePlacesAutocomplete-Example.app */;
			productType = "com.apple.product-type.application";
		};
		DCA78B0F1AED6AA800F5F3B9 /* HNKGooglePlacesAutocomplete-ExampleTests */ = {
			isa = PBXNativeTarget;
			buildConfigurationList = DCA78B1D1AED6AA800F5F3B9 /* Build configuration list for PBXNativeTarget "HNKGooglePlacesAutocomplete-ExampleTests" */;
			buildPhases = (
				E2D498F5E4DE8E8F7AEB2403 /* Check Pods Manifest.lock */,
				DCA78B0C1AED6AA800F5F3B9 /* Sources */,
				DCA78B0D1AED6AA800F5F3B9 /* Frameworks */,
				DCA78B0E1AED6AA800F5F3B9 /* Resources */,
				525622BDEC7E2D68BB31BEB4 /* Copy Pods Resources */,
			);
			buildRules = (
			);
			dependencies = (
				DCA78B121AED6AA800F5F3B9 /* PBXTargetDependency */,
			);
			name = "HNKGooglePlacesAutocomplete-ExampleTests";
			productName = "HNKGooglePlacesAutocomplete-ExampleTests";
			productReference = DCA78B101AED6AA800F5F3B9 /* HNKGooglePlacesAutocomplete-ExampleTests.xctest */;
			productType = "com.apple.product-type.bundle.unit-test";
		};
/* End PBXNativeTarget section */

/* Begin PBXProject section */
		DCA78AEF1AED6AA800F5F3B9 /* Project object */ = {
			isa = PBXProject;
			attributes = {
				CLASSPREFIX = HNKDemo;
				LastUpgradeCheck = 0630;
				ORGANIZATIONNAME = "Harlan Kellaway";
				TargetAttributes = {
					DCA78AF61AED6AA800F5F3B9 = {
						CreatedOnToolsVersion = 6.3.1;
					};
					DCA78B0F1AED6AA800F5F3B9 = {
						CreatedOnToolsVersion = 6.3.1;
						TestTargetID = DCA78AF61AED6AA800F5F3B9;
					};
				};
			};
			buildConfigurationList = DCA78AF21AED6AA800F5F3B9 /* Build configuration list for PBXProject "HNKGooglePlacesAutocomplete-Example" */;
			compatibilityVersion = "Xcode 3.2";
			developmentRegion = English;
			hasScannedForEncodings = 0;
			knownRegions = (
				en,
				Base,
			);
			mainGroup = DCA78AEE1AED6AA800F5F3B9;
			productRefGroup = DCA78AF81AED6AA800F5F3B9 /* Products */;
			projectDirPath = "";
			projectRoot = "";
			targets = (
				DCA78AF61AED6AA800F5F3B9 /* HNKGooglePlacesAutocomplete-Example */,
				DCA78B0F1AED6AA800F5F3B9 /* HNKGooglePlacesAutocomplete-ExampleTests */,
			);
		};
/* End PBXProject section */

/* Begin PBXResourcesBuildPhase section */
		DCA78AF51AED6AA800F5F3B9 /* Resources */ = {
			isa = PBXResourcesBuildPhase;
			buildActionMask = 2147483647;
			files = (
				E2F468CA1B7AA77000FA2667 /* Main.storyboard in Resources */,
				DCA78B0B1AED6AA800F5F3B9 /* LaunchScreen.xib in Resources */,
				DCA78B081AED6AA800F5F3B9 /* Images.xcassets in Resources */,
				DCDAAB6C1B7ACC7C00107D29 /* google.png in Resources */,
				DCA78DAC1B12438200817F8B /* _clang-format in Resources */,
			);
			runOnlyForDeploymentPostprocessing = 0;
		};
		DCA78B0E1AED6AA800F5F3B9 /* Resources */ = {
			isa = PBXResourcesBuildPhase;
			buildActionMask = 2147483647;
			files = (
			);
			runOnlyForDeploymentPostprocessing = 0;
		};
/* End PBXResourcesBuildPhase section */

/* Begin PBXShellScriptBuildPhase section */
		4607F3ACCB188AB72CC5E67C /* Check Pods Manifest.lock */ = {
			isa = PBXShellScriptBuildPhase;
			buildActionMask = 2147483647;
			files = (
			);
			inputPaths = (
			);
			name = "Check Pods Manifest.lock";
			outputPaths = (
			);
			runOnlyForDeploymentPostprocessing = 0;
			shellPath = /bin/sh;
			shellScript = "diff \"${PODS_ROOT}/../Podfile.lock\" \"${PODS_ROOT}/Manifest.lock\" > /dev/null\nif [[ $? != 0 ]] ; then\n    cat << EOM\nerror: The sandbox is not in sync with the Podfile.lock. Run 'pod install' or update your CocoaPods installation.\nEOM\n    exit 1\nfi\n";
			showEnvVarsInLog = 0;
		};
		525622BDEC7E2D68BB31BEB4 /* Copy Pods Resources */ = {
			isa = PBXShellScriptBuildPhase;
			buildActionMask = 2147483647;
			files = (
			);
			inputPaths = (
			);
			name = "Copy Pods Resources";
			outputPaths = (
			);
			runOnlyForDeploymentPostprocessing = 0;
			shellPath = /bin/sh;
			shellScript = "\"${SRCROOT}/Pods/Target Support Files/Pods-HNKGooglePlacesAutocomplete-ExampleTests/Pods-HNKGooglePlacesAutocomplete-ExampleTests-resources.sh\"\n";
			showEnvVarsInLog = 0;
		};
		7ED68BB202E0F8FFEDE93FE4 /* Copy Pods Resources */ = {
			isa = PBXShellScriptBuildPhase;
			buildActionMask = 2147483647;
			files = (
			);
			inputPaths = (
			);
			name = "Copy Pods Resources";
			outputPaths = (
			);
			runOnlyForDeploymentPostprocessing = 0;
			shellPath = /bin/sh;
			shellScript = "\"${SRCROOT}/Pods/Target Support Files/Pods-HNKGooglePlacesAutocomplete-Example/Pods-HNKGooglePlacesAutocomplete-Example-resources.sh\"\n";
			showEnvVarsInLog = 0;
		};
		E2D498F5E4DE8E8F7AEB2403 /* Check Pods Manifest.lock */ = {
			isa = PBXShellScriptBuildPhase;
			buildActionMask = 2147483647;
			files = (
			);
			inputPaths = (
			);
			name = "Check Pods Manifest.lock";
			outputPaths = (
			);
			runOnlyForDeploymentPostprocessing = 0;
			shellPath = /bin/sh;
			shellScript = "diff \"${PODS_ROOT}/../Podfile.lock\" \"${PODS_ROOT}/Manifest.lock\" > /dev/null\nif [[ $? != 0 ]] ; then\n    cat << EOM\nerror: The sandbox is not in sync with the Podfile.lock. Run 'pod install' or update your CocoaPods installation.\nEOM\n    exit 1\nfi\n";
			showEnvVarsInLog = 0;
		};
/* End PBXShellScriptBuildPhase section */

/* Begin PBXSourcesBuildPhase section */
		DCA78AF31AED6AA800F5F3B9 /* Sources */ = {
			isa = PBXSourcesBuildPhase;
			buildActionMask = 2147483647;
			files = (
				E2F468C91B7AA77000FA2667 /* HNKDemoViewController.m in Sources */,
				DCA78B001AED6AA800F5F3B9 /* HNKDemoAppDelegate.m in Sources */,
				DCA78AFD1AED6AA800F5F3B9 /* main.m in Sources */,
			);
			runOnlyForDeploymentPostprocessing = 0;
		};
		DCA78B0C1AED6AA800F5F3B9 /* Sources */ = {
			isa = PBXSourcesBuildPhase;
			buildActionMask = 2147483647;
			files = (
				DC345C2A1AEDA518009D3645 /* HNKGooglePlacesAutocompletePlaceSpec.m in Sources */,
				DC0A83F61AED8F1D001EB35D /* HNKGooglePlacesAutocompletePlaceSubstringSpec.m in Sources */,
				DCFAD4BE1AF32BEC0042BB22 /* HNKGooglePlacesAutocompleteQuerySpec.m in Sources */,
				DC345C3B1AF09FC7009D3645 /* HNKGooglePlacesAutocompleteServerSpec.m in Sources */,
				DCD575071AF6A67000CE5A23 /* CLPlacemark+HNKAdditionsSpec.m in Sources */,
				DC345C2F1AEDC5C8009D3645 /* HNKGooglePlacesAutocompleteQueryResponseSpec.m in Sources */,
				DC1699521AFF03C9000D8E26 /* HNKGooglePlacesAutocompleteQueryConfigSpec.m in Sources */,
				DC0A83ED1AED8229001EB35D /* HNKGooglePlacesAutocompletePlaceTermSpec.m in Sources */,
			);
			runOnlyForDeploymentPostprocessing = 0;
		};
/* End PBXSourcesBuildPhase section */

/* Begin PBXTargetDependency section */
		DCA78B121AED6AA800F5F3B9 /* PBXTargetDependency */ = {
			isa = PBXTargetDependency;
			target = DCA78AF61AED6AA800F5F3B9 /* HNKGooglePlacesAutocomplete-Example */;
			targetProxy = DCA78B111AED6AA800F5F3B9 /* PBXContainerItemProxy */;
		};
/* End PBXTargetDependency section */

/* Begin PBXVariantGroup section */
		DCA78B091AED6AA800F5F3B9 /* LaunchScreen.xib */ = {
			isa = PBXVariantGroup;
			children = (
				DCA78B0A1AED6AA800F5F3B9 /* Base */,
			);
			name = LaunchScreen.xib;
			sourceTree = "<group>";
		};
/* End PBXVariantGroup section */

/* Begin XCBuildConfiguration section */
		DCA78B181AED6AA800F5F3B9 /* Debug */ = {
			isa = XCBuildConfiguration;
			buildSettings = {
				ALWAYS_SEARCH_USER_PATHS = NO;
				CLANG_CXX_LANGUAGE_STANDARD = "gnu++0x";
				CLANG_CXX_LIBRARY = "libc++";
				CLANG_ENABLE_MODULES = YES;
				CLANG_ENABLE_OBJC_ARC = YES;
				CLANG_WARN_BOOL_CONVERSION = YES;
				CLANG_WARN_CONSTANT_CONVERSION = YES;
				CLANG_WARN_DIRECT_OBJC_ISA_USAGE = YES_ERROR;
				CLANG_WARN_EMPTY_BODY = YES;
				CLANG_WARN_ENUM_CONVERSION = YES;
				CLANG_WARN_INT_CONVERSION = YES;
				CLANG_WARN_OBJC_ROOT_CLASS = YES_ERROR;
				CLANG_WARN_UNREACHABLE_CODE = YES;
				CLANG_WARN__DUPLICATE_METHOD_MATCH = YES;
				"CODE_SIGN_IDENTITY[sdk=iphoneos*]" = "iPhone Developer";
				COPY_PHASE_STRIP = NO;
				DEBUG_INFORMATION_FORMAT = "dwarf-with-dsym";
				ENABLE_STRICT_OBJC_MSGSEND = YES;
				GCC_C_LANGUAGE_STANDARD = gnu99;
				GCC_DYNAMIC_NO_PIC = NO;
				GCC_NO_COMMON_BLOCKS = YES;
				GCC_OPTIMIZATION_LEVEL = 0;
				GCC_PREPROCESSOR_DEFINITIONS = (
					"DEBUG=1",
					"$(inherited)",
				);
				GCC_SYMBOLS_PRIVATE_EXTERN = NO;
				GCC_WARN_64_TO_32_BIT_CONVERSION = YES;
				GCC_WARN_ABOUT_RETURN_TYPE = YES_ERROR;
				GCC_WARN_UNDECLARED_SELECTOR = YES;
				GCC_WARN_UNINITIALIZED_AUTOS = YES_AGGRESSIVE;
				GCC_WARN_UNUSED_FUNCTION = YES;
				GCC_WARN_UNUSED_VARIABLE = YES;
				IPHONEOS_DEPLOYMENT_TARGET = 8.0;
				MTL_ENABLE_DEBUG_INFO = YES;
				ONLY_ACTIVE_ARCH = YES;
				SDKROOT = iphoneos;
				TARGETED_DEVICE_FAMILY = "1,2";
			};
			name = Debug;
		};
		DCA78B191AED6AA800F5F3B9 /* Release */ = {
			isa = XCBuildConfiguration;
			buildSettings = {
				ALWAYS_SEARCH_USER_PATHS = NO;
				CLANG_CXX_LANGUAGE_STANDARD = "gnu++0x";
				CLANG_CXX_LIBRARY = "libc++";
				CLANG_ENABLE_MODULES = YES;
				CLANG_ENABLE_OBJC_ARC = YES;
				CLANG_WARN_BOOL_CONVERSION = YES;
				CLANG_WARN_CONSTANT_CONVERSION = YES;
				CLANG_WARN_DIRECT_OBJC_ISA_USAGE = YES_ERROR;
				CLANG_WARN_EMPTY_BODY = YES;
				CLANG_WARN_ENUM_CONVERSION = YES;
				CLANG_WARN_INT_CONVERSION = YES;
				CLANG_WARN_OBJC_ROOT_CLASS = YES_ERROR;
				CLANG_WARN_UNREACHABLE_CODE = YES;
				CLANG_WARN__DUPLICATE_METHOD_MATCH = YES;
				"CODE_SIGN_IDENTITY[sdk=iphoneos*]" = "iPhone Developer";
				COPY_PHASE_STRIP = NO;
				DEBUG_INFORMATION_FORMAT = "dwarf-with-dsym";
				ENABLE_NS_ASSERTIONS = NO;
				ENABLE_STRICT_OBJC_MSGSEND = YES;
				GCC_C_LANGUAGE_STANDARD = gnu99;
				GCC_NO_COMMON_BLOCKS = YES;
				GCC_WARN_64_TO_32_BIT_CONVERSION = YES;
				GCC_WARN_ABOUT_RETURN_TYPE = YES_ERROR;
				GCC_WARN_UNDECLARED_SELECTOR = YES;
				GCC_WARN_UNINITIALIZED_AUTOS = YES_AGGRESSIVE;
				GCC_WARN_UNUSED_FUNCTION = YES;
				GCC_WARN_UNUSED_VARIABLE = YES;
				IPHONEOS_DEPLOYMENT_TARGET = 8.0;
				MTL_ENABLE_DEBUG_INFO = NO;
				SDKROOT = iphoneos;
				TARGETED_DEVICE_FAMILY = "1,2";
				VALIDATE_PRODUCT = YES;
			};
			name = Release;
		};
		DCA78B1B1AED6AA800F5F3B9 /* Debug */ = {
			isa = XCBuildConfiguration;
			baseConfigurationReference = DA2524585B0166608A39236E /* Pods-HNKGooglePlacesAutocomplete-Example.debug.xcconfig */;
			buildSettings = {
				ASSETCATALOG_COMPILER_APPICON_NAME = AppIcon;
				ASSETCATALOG_COMPILER_LAUNCHIMAGE_NAME = LaunchImage;
				INFOPLIST_FILE = "HNKGooglePlacesAutocomplete-Example/Info.plist";
				LD_RUNPATH_SEARCH_PATHS = "$(inherited) @executable_path/Frameworks";
				PRODUCT_NAME = "$(TARGET_NAME)";
			};
			name = Debug;
		};
		DCA78B1C1AED6AA800F5F3B9 /* Release */ = {
			isa = XCBuildConfiguration;
			baseConfigurationReference = 7B836E5632B34FC1CB845488 /* Pods-HNKGooglePlacesAutocomplete-Example.release.xcconfig */;
			buildSettings = {
				ASSETCATALOG_COMPILER_APPICON_NAME = AppIcon;
				ASSETCATALOG_COMPILER_LAUNCHIMAGE_NAME = LaunchImage;
				INFOPLIST_FILE = "HNKGooglePlacesAutocomplete-Example/Info.plist";
				LD_RUNPATH_SEARCH_PATHS = "$(inherited) @executable_path/Frameworks";
				PRODUCT_NAME = "$(TARGET_NAME)";
			};
			name = Release;
		};
		DCA78B1E1AED6AA800F5F3B9 /* Debug */ = {
			isa = XCBuildConfiguration;
			baseConfigurationReference = 0A5485CEF38C794987700904 /* Pods-HNKGooglePlacesAutocomplete-ExampleTests.debug.xcconfig */;
			buildSettings = {
				BUNDLE_LOADER = "$(TEST_HOST)";
				FRAMEWORK_SEARCH_PATHS = (
					"$(SDKROOT)/Developer/Library/Frameworks",
					"$(inherited)",
				);
				GCC_PREPROCESSOR_DEFINITIONS = (
					"DEBUG=1",
					"$(inherited)",
				);
				INFOPLIST_FILE = "HNKGooglePlacesAutocomplete-ExampleTests/Info.plist";
				LD_RUNPATH_SEARCH_PATHS = "$(inherited) @executable_path/Frameworks @loader_path/Frameworks";
				PRODUCT_NAME = "$(TARGET_NAME)";
				TEST_HOST = "$(BUILT_PRODUCTS_DIR)/HNKGooglePlacesAutocomplete-Example.app/HNKGooglePlacesAutocomplete-Example";
			};
			name = Debug;
		};
		DCA78B1F1AED6AA800F5F3B9 /* Release */ = {
			isa = XCBuildConfiguration;
			baseConfigurationReference = 26A7E8D0F78A6E915F9B03AF /* Pods-HNKGooglePlacesAutocomplete-ExampleTests.release.xcconfig */;
			buildSettings = {
				BUNDLE_LOADER = "$(TEST_HOST)";
				FRAMEWORK_SEARCH_PATHS = (
					"$(SDKROOT)/Developer/Library/Frameworks",
					"$(inherited)",
				);
				INFOPLIST_FILE = "HNKGooglePlacesAutocomplete-ExampleTests/Info.plist";
				LD_RUNPATH_SEARCH_PATHS = "$(inherited) @executable_path/Frameworks @loader_path/Frameworks";
				PRODUCT_NAME = "$(TARGET_NAME)";
				TEST_HOST = "$(BUILT_PRODUCTS_DIR)/HNKGooglePlacesAutocomplete-Example.app/HNKGooglePlacesAutocomplete-Example";
			};
			name = Release;
		};
/* End XCBuildConfiguration section */

/* Begin XCConfigurationList section */
		DCA78AF21AED6AA800F5F3B9 /* Build configuration list for PBXProject "HNKGooglePlacesAutocomplete-Example" */ = {
			isa = XCConfigurationList;
			buildConfigurations = (
				DCA78B181AED6AA800F5F3B9 /* Debug */,
				DCA78B191AED6AA800F5F3B9 /* Release */,
			);
			defaultConfigurationIsVisible = 0;
			defaultConfigurationName = Release;
		};
		DCA78B1A1AED6AA800F5F3B9 /* Build configuration list for PBXNativeTarget "HNKGooglePlacesAutocomplete-Example" */ = {
			isa = XCConfigurationList;
			buildConfigurations = (
				DCA78B1B1AED6AA800F5F3B9 /* Debug */,
				DCA78B1C1AED6AA800F5F3B9 /* Release */,
			);
			defaultConfigurationIsVisible = 0;
			defaultConfigurationName = Release;
		};
		DCA78B1D1AED6AA800F5F3B9 /* Build configuration list for PBXNativeTarget "HNKGooglePlacesAutocomplete-ExampleTests" */ = {
			isa = XCConfigurationList;
			buildConfigurations = (
				DCA78B1E1AED6AA800F5F3B9 /* Debug */,
				DCA78B1F1AED6AA800F5F3B9 /* Release */,
			);
			defaultConfigurationIsVisible = 0;
			defaultConfigurationName = Release;
		};
/* End XCConfigurationList section */
	};
	rootObject = DCA78AEF1AED6AA800F5F3B9 /* Project object */;
}
